
Microsoft Visual Studio Solution File, Format Version 12.00
# Visual Studio Version 17
VisualStudioVersion = 17.13.35913.81
MinimumVisualStudioVersion = 10.0.40219.1
Project("{8BC9CEB8-8B4A-11D0-8D11-00A0C91BC942}") = "Assignment09", "chap05\chap05.vcxproj", "{5F2B7131-45A4-4B98-8983-DE38504D2D49}"
EndProject
Project("{8BC9CEB8-8B4A-11D0-8D11-00A0C91BC942}") = "Assignment17", "17\17.vcxproj", "{CAFBCC25-6DCC-4108-9B0D-E1A3F23E0C69}"
EndProject
Project("{8BC9CEB8-8B4A-11D0-8D11-00A0C91BC942}") = "Assignment18", "Assignment18\Assignment18.vcxproj", "{B0023EDB-7607-46A4-A76F-898109351279}"
EndProject
Project("{8BC9CEB8-8B4A-11D0-8D11-00A0C91BC942}") = "Assignment01", "Assignment1.c\Assignment1.c.vcxproj", "{CF17924A-0355-413E-B73B-EC1E147795F3}"
EndProject
Project("{8BC9CEB8-8B4A-11D0-8D11-00A0C91BC942}") = "Assignment02", "Assignment02\Assignment02.vcxproj", "{235D81FC-97D9-4A81-90A0-7FB4FDEFE9A3}"
EndProject
Project("{8BC9CEB8-8B4A-11D0-8D11-00A0C91BC942}") = "Assignment03", "Assignment03\Assignment03.vcxproj", "{8BA21C4C-164F-4FD1-A16C-B6F4DC4F2919}"
EndProject
Project("{8BC9CEB8-8B4A-11D0-8D11-00A0C91BC942}") = "Assignment04", "Assignment04\Assignment04.vcxproj", "{484301E4-1A60-4D5B-9895-1CD4993D0EDD}"
EndProject
Project("{8BC9CEB8-8B4A-11D0-8D11-00A0C91BC942}") = "Assignment05", "Assignment05\Assignment05.vcxproj", "{F79E2185-9D4B-43BC-82EB-9CD880A72724}"
EndProject
Project("{8BC9CEB8-8B4A-11D0-8D11-00A0C91BC942}") = "Assignment08", "Assignment08\Assignment08.vcxproj", "{073E8A6E-3129-4B26-B633-6FE352969984}"
EndProject
Global
	GlobalSection(SolutionConfigurationPlatforms) = preSolution
		Debug|x64 = Debug|x64
		Debug|x86 = Debug|x86
		Release|x64 = Release|x64
		Release|x86 = Release|x86
	EndGlobalSection
	GlobalSection(ProjectConfigurationPlatforms) = postSolution
		{5F2B7131-45A4-4B98-8983-DE38504D2D49}.Debug|x64.ActiveCfg = Debug|x64
		{5F2B7131-45A4-4B98-8983-DE38504D2D49}.Debug|x64.Build.0 = Debug|x64
		{5F2B7131-45A4-4B98-8983-DE38504D2D49}.Debug|x86.ActiveCfg = Debug|Win32
		{5F2B7131-45A4-4B98-8983-DE38504D2D49}.Debug|x86.Build.0 = Debug|Win32
		{5F2B7131-45A4-4B98-8983-DE38504D2D49}.Release|x64.ActiveCfg = Release|x64
		{5F2B7131-45A4-4B98-8983-DE38504D2D49}.Release|x64.Build.0 = Release|x64
		{5F2B7131-45A4-4B98-8983-DE38504D2D49}.Release|x86.ActiveCfg = Release|Win32
		{5F2B7131-45A4-4B98-8983-DE38504D2D49}.Release|x86.Build.0 = Release|Win32
		{CAFBCC25-6DCC-4108-9B0D-E1A3F23E0C69}.Debug|x64.ActiveCfg = Debug|x64
		{CAFBCC25-6DCC-4108-9B0D-E1A3F23E0C69}.Debug|x64.Build.0 = Debug|x64
		{CAFBCC25-6DCC-4108-9B0D-E1A3F23E0C69}.Debug|x86.ActiveCfg = Debug|Win32
		{CAFBCC25-6DCC-4108-9B0D-E1A3F23E0C69}.Debug|x86.Build.0 = Debug|Win32
		{CAFBCC25-6DCC-4108-9B0D-E1A3F23E0C69}.Release|x64.ActiveCfg = Release|x64
		{CAFBCC25-6DCC-4108-9B0D-E1A3F23E0C69}.Release|x64.Build.0 = Release|x64
		{CAFBCC25-6DCC-4108-9B0D-E1A3F23E0C69}.Release|x86.ActiveCfg = Release|Win32
		{CAFBCC25-6DCC-4108-9B0D-E1A3F23E0C69}.Release|x86.Build.0 = Release|Win32
		{B0023EDB-7607-46A4-A76F-898109351279}.Debug|x64.ActiveCfg = Debug|x64
		{B0023EDB-7607-46A4-A76F-898109351279}.Debug|x64.Build.0 = Debug|x64
		{B0023EDB-7607-46A4-A76F-898109351279}.Debug|x86.ActiveCfg = Debug|Win32
		{B0023EDB-7607-46A4-A76F-898109351279}.Debug|x86.Build.0 = Debug|Win32
		{B0023EDB-7607-46A4-A76F-898109351279}.Release|x64.ActiveCfg = Release|x64
		{B0023EDB-7607-46A4-A76F-898109351279}.Release|x64.Build.0 = Release|x64
		{B0023EDB-7607-46A4-A76F-898109351279}.Release|x86.ActiveCfg = Release|Win32
		{B0023EDB-7607-46A4-A76F-898109351279}.Release|x86.Build.0 = Release|Win32
		{CF17924A-0355-413E-B73B-EC1E147795F3}.Debug|x64.ActiveCfg = Debug|x64
		{CF17924A-0355-413E-B73B-EC1E147795F3}.Debug|x64.Build.0 = Debug|x64
		{CF17924A-0355-413E-B73B-EC1E147795F3}.Debug|x86.ActiveCfg = Debug|Win32
		{CF17924A-0355-413E-B73B-EC1E147795F3}.Debug|x86.Build.0 = Debug|Win32
		{CF17924A-0355-413E-B73B-EC1E147795F3}.Release|x64.ActiveCfg = Release|x64
		{CF17924A-0355-413E-B73B-EC1E147795F3}.Release|x64.Build.0 = Release|x64
		{CF17924A-0355-413E-B73B-EC1E147795F3}.Release|x86.ActiveCfg = Release|Win32
		{CF17924A-0355-413E-B73B-EC1E147795F3}.Release|x86.Build.0 = Release|Win32
		{235D81FC-97D9-4A81-90A0-7FB4FDEFE9A3}.Debug|x64.ActiveCfg = Debug|x64
		{235D81FC-97D9-4A81-90A0-7FB4FDEFE9A3}.Debug|x64.Build.0 = Debug|x64
		{235D81FC-97D9-4A81-90A0-7FB4FDEFE9A3}.Debug|x86.ActiveCfg = Debug|Win32
		{235D81FC-97D9-4A81-90A0-7FB4FDEFE9A3}.Debug|x86.Build.0 = Debug|Win32
		{235D81FC-97D9-4A81-90A0-7FB4FDEFE9A3}.Release|x64.ActiveCfg = Release|x64
		{235D81FC-97D9-4A81-90A0-7FB4FDEFE9A3}.Release|x64.Build.0 = Release|x64
		{235D81FC-97D9-4A81-90A0-7FB4FDEFE9A3}.Release|x86.ActiveCfg = Release|Win32
		{235D81FC-97D9-4A81-90A0-7FB4FDEFE9A3}.Release|x86.Build.0 = Release|Win32
		{8BA21C4C-164F-4FD1-A16C-B6F4DC4F2919}.Debug|x64.ActiveCfg = Debug|x64
		{8BA21C4C-164F-4FD1-A16C-B6F4DC4F2919}.Debug|x64.Build.0 = Debug|x64
		{8BA21C4C-164F-4FD1-A16C-B6F4DC4F2919}.Debug|x86.ActiveCfg = Debug|Win32
		{8BA21C4C-164F-4FD1-A16C-B6F4DC4F2919}.Debug|x86.Build.0 = Debug|Win32
		{8BA21C4C-164F-4FD1-A16C-B6F4DC4F2919}.Release|x64.ActiveCfg = Release|x64
		{8BA21C4C-164F-4FD1-A16C-B6F4DC4F2919}.Release|x64.Build.0 = Release|x64
		{8BA21C4C-164F-4FD1-A16C-B6F4DC4F2919}.Release|x86.ActiveCfg = Release|Win32
		{8BA21C4C-164F-4FD1-A16C-B6F4DC4F2919}.Release|x86.Build.0 = Release|Win32
		{484301E4-1A60-4D5B-9895-1CD4993D0EDD}.Debug|x64.ActiveCfg = Debug|x64
		{484301E4-1A60-4D5B-9895-1CD4993D0EDD}.Debug|x64.Build.0 = Debug|x64
		{484301E4-1A60-4D5B-9895-1CD4993D0EDD}.Debug|x86.ActiveCfg = Debug|Win32
		{484301E4-1A60-4D5B-9895-1CD4993D0EDD}.Debug|x86.Build.0 = Debug|Win32
		{484301E4-1A60-4D5B-9895-1CD4993D0EDD}.Release|x64.ActiveCfg = Release|x64
		{484301E4-1A60-4D5B-9895-1CD4993D0EDD}.Release|x64.Build.0 = Release|x64
		{484301E4-1A60-4D5B-9895-1CD4993D0EDD}.Release|x86.ActiveCfg = Release|Win32
		{484301E4-1A60-4D5B-9895-1CD4993D0EDD}.Release|x86.Build.0 = Release|Win32
		{F79E2185-9D4B-43BC-82EB-9CD880A72724}.Debug|x64.ActiveCfg = Debug|x64
		{F79E2185-9D4B-43BC-82EB-9CD880A72724}.Debug|x64.Build.0 = Debug|x64
		{F79E2185-9D4B-43BC-82EB-9CD880A72724}.Debug|x86.ActiveCfg = Debug|Win32
		{F79E2185-9D4B-43BC-82EB-9CD880A72724}.Debug|x86.Build.0 = Debug|Win32
		{F79E2185-9D4B-43BC-82EB-9CD880A72724}.Release|x64.ActiveCfg = Release|x64
		{F79E2185-9D4B-43BC-82EB-9CD880A72724}.Release|x64.Build.0 = Release|x64
		{F79E2185-9D4B-43BC-82EB-9CD880A72724}.Release|x86.ActiveCfg = Release|Win32
		{F79E2185-9D4B-43BC-82EB-9CD880A72724}.Release|x86.Build.0 = Release|Win32
		{073E8A6E-3129-4B26-B633-6FE352969984}.Debug|x64.ActiveCfg = Debug|x64
		{073E8A6E-3129-4B26-B633-6FE352969984}.Debug|x64.Build.0 = Debug|x64
		{073E8A6E-3129-4B26-B633-6FE352969984}.Debug|x86.ActiveCfg = Debug|Win32
		{073E8A6E-3129-4B26-B633-6FE352969984}.Debug|x86.Build.0 = Debug|Win32
		{073E8A6E-3129-4B26-B633-6FE352969984}.Release|x64.ActiveCfg = Release|x64
		{073E8A6E-3129-4B26-B633-6FE352969984}.Release|x64.Build.0 = Release|x64
		{073E8A6E-3129-4B26-B633-6FE352969984}.Release|x86.ActiveCfg = Release|Win32
		{073E8A6E-3129-4B26-B633-6FE352969984}.Release|x86.Build.0 = Release|Win32
	EndGlobalSection
	GlobalSection(SolutionProperties) = preSolution
		HideSolutionNode = FALSE
	EndGlobalSection
	GlobalSection(ExtensibilityGlobals) = postSolution
		SolutionGuid = {2DB90B04-14C0-4127-B4D4-261A34270636}
	EndGlobalSection
EndGlobal
